github.com/DataDog/datadog-go v3.3.0+incompatible h1:VFUC0Gbnp6BOsKw4TTp4WRrgsL9ktOmOvhXeYzhVcRo=
github.com/DataDog/datadog-go v3.3.0+incompatible/go.mod h1:LButxg5PwREeZtORoXG3tL4fMGNddJ+vMq1mwgfaqoQ=
github.com/asaskevich/govalidator v0.0.0-20180315120708-ccb8e960c48f h1:y2hSFdXeA1y5z5f0vfNO0Dg5qVY036qzlz3Pds0B92o=
github.com/asaskevich/govalidator v0.0.0-20180315120708-ccb8e960c48f/go.mod h1:lB+ZfQJz7igIIfQNfa7Ml4HSf2uFQQRzpGGRXenZAgY=
github.com/aymerick/douceur v0.2.0/go.mod h1:wlT5vV2O3h55X9m7iVYN0TBM0NH/MmbLnd30/FjWUq4=
github.com/boj/redistore v0.0.0-20160128113310-fc113767cd6b h1:PfxLkkgJYE095CKZji++BNwZjxWfoAF21WFPzkzOZEs=
github.com/boj/redistore v0.0.0-20160128113310-fc113767cd6b/go.mod h1:5r9chGCb4uUhBCGMDDCYfyHU/awSRoBeG53Zaj1crhU=
github.com/buaazp/fasthttprouter v0.1.1/go.mod h1:h/Ap5oRVLeItGKTVBb+heQPks+HdIUtGmI4H5WCYijM=
github.com/certifi/gocertifi v0.0.0-20180118203423-deb3ae2ef261 h1:6/yVvBsKeAw05IUj4AzvrxaCnDjN4nUqKjW9+w5wixg=
github.com/certifi/gocertifi v0.0.0-20180118203423-deb3ae2ef261/go.mod h1:GJKEexRPVJrBSOjoqN5VNOIKJ5Q3RViH6eu3puDRwx4=
github.com/davecgh/go-spew v1.1.0/go.mod h1:J7Y8YcW2NihsgmVo/mv3lAwl/skON4iLHjSsI+c5H38=
github.com/davecgh/go-spew v1.1.1/go.mod h1:J7Y8YcW2NihsgmVo/mv3lAwl/skON4iLHjSsI+c5H38=
github.com/dustin/go-humanize v1.0.0 h1:VSnTsYCnlFHaM2/igO1h6X3HA71jcobQuxemgkq4zYo=
github.com/dustin/go-humanize v1.0.0/go.mod h1:HtrtbFcZ19U5GC7JDqmcUSB87Iq5E25KnS6fMYU6eOk=
github.com/fatih/structs v1.1.0 h1:Q7juDM0QtcnhCpeyLGQKyg4TOIghuNXrkL32pHAUMxo=
github.com/fatih/structs v1.1.0/go.mod h1:9NiDSp5zOcgEDl+j00MP/WkGVPOlPRLejGD8Ga6PJ7M=
github.com/frustra/bbcode v0.0.0-20180807171629-48be21ce690c h1:qo8GNweP9HFxZJ5S7GSsiqut9k4H0MM29Ne/Mnp2BHc=
github.com/frustra/bbcode v0.0.0-20180807171629-48be21ce690c/go.mod h1:0QBxkXxN+o4FyZgLI9FHY/oUizheze3+bNY/kgCKL+4=
github.com/garyburd/redigo v1.6.0 h1:0VruCpn7yAIIu7pWVClQC8wxCJEcG3nyzpMSHKi1PQc=
github.com/garyburd/redigo v1.6.0/go.mod h1:NR3MbYisc3/PwhQ00EMzDiPmrwpPxAn5GI05/YaO1SY=
github.com/getsentry/raven-go v0.2.0 h1:no+xWJRb5ZI7eE8TWgIq1jLulQiIoLG0IfYxv5JYMGs=
github.com/getsentry/raven-go v0.2.0/go.mod h1:KungGk8q33+aIAZUIVWZDr2OfAEBsO49PX4NzFV5kcQ=
github.com/gin-contrib/sse v0.1.0 h1:Y/yl/+YNO8GZSjAhjMsSuLt29uWRFHdHYUb5lYOV9qE=
github.com/gin-contrib/sse v0.1.0/go.mod h1:RHrZQHXnP2xjPF+u1gW/2HnVO7nvIa9PG3Gm+fLHvGI=
github.com/gin-gonic/contrib v0.0.0-20190923054218-35076c1b2bea h1:tPQfr1S0mubDv/jvdbS1xbKOJzDgvIHi7db/MYr4EKg=
github.com/gin-gonic/contrib v0.0.0-20190923054218-35076c1b2bea/go.mod h1:iqneQ2Df3omzIVTkIfn7c1acsVnMGiSLn4XF5Blh3Yg=
github.com/gin-gonic/gin v1.5.0 h1:fi+bqFAx/oLK54somfCtEZs9HeH1LHVoEPUgARpTqyc=
github.com/gin-gonic/gin v1.5.0/go.mod h1:Nd6IXA8m5kNZdNEHMBd93KT+mdY3+bewLgRvmCsR2Do=
github.com/go-playground/locales v0.12.1/go.mod h1:IUMDtCfWo/w/mtMfIE/IG2K+Ey3ygWanZIBtBW0W2TM=
github.com/go-playground/locales v0.13.0 h1:HyWk6mgj5qFqCT5fjGBuRArbVDfE4hi8+e8ceBS/t7Q=
github.com/go-playground/locales v0.13.0/go.mod h1:taPMhCMXrRLJO55olJkUXHZBHCxTMfnGwq/HNwmWNS8=
github.com/go-playground/universal-translator v0.16.0/go.mod h1:1AnU7NaIRDWWzGEKwgtJRd2xk99HeFyHw3yid4rvQIY=
github.com/go-playground/universal-translator v0.17.0 h1:icxd5fm+REJzpZx7ZfpaD876Lmtgy7VtROAbHHXk8no=
github.com/go-playground/universal-translator v0.17.0/go.mod h1:UkSxE5sNxxRwHyU+Scu5vgOQjsIJAF8j9muTVoKLVtA=
github.com/go-sql-driver/mysql v1.4.0/go.mod h1:zAC/RDZ24gD3HViQzih4MyKcchzm+sOG5ZlKdlhCg5w=
github.com/go-sql-driver/mysql v1.4.1 h1:g24URVg0OFbNUTx9qqY1IRZ9D9z3iPyi5zKhQZpNwpA=
github.com/go-sql-driver/mysql v1.4.1/go.mod h1:zAC/RDZ24gD3HViQzih4MyKcchzm+sOG5ZlKdlhCg5w=
github.com/golang/protobuf v1.3.1/go.mod h1:6lQm79b+lXiMfvg/cZm0SGofjICqVBUtrP5yJMmIC1U=
github.com/golang/protobuf v1.3.2 h1:6nsPYzhq5kReh6QImI3k5qWzO4PEbvbIW2cwSfR/6xs=
github.com/golang/protobuf v1.3.2/go.mod h1:6lQm79b+lXiMfvg/cZm0SGofjICqVBUtrP5yJMmIC1U=
github.com/google/gofuzz v1.0.0/go.mod h1:dBl0BpW6vV/+mYPU4Po3pmUjxk6FQPldtuIdl/M65Eg=
github.com/gorilla/context v1.1.1 h1:AWwleXJkX/nhcU9bZSnZoi3h/qGYqQAGhq6zZe/aQW8=
github.com/gorilla/context v1.1.1/go.mod h1:kBGZzfjB9CEq2AlWe17Uuf7NDRt0dE0s8S51q0aT7Yg=
github.com/gorilla/css v1.0.0/go.mod h1:Dn721qIggHpt4+EFCcTLTU/vk5ySda2ReITrtgBl60c=
github.com/gorilla/securecookie v1.1.1 h1:miw7JPhV+b/lAHSXz4qd/nN9jRiAFV5FwjeKyCS8BvQ=
github.com/gorilla/securecookie v1.1.1/go.mod h1:ra0sb63/xPlUeL+yeDciTfxMRAA+MP+HVt/4epWDjd4=
github.com/gorilla/sessions v1.2.0 h1:S7P+1Hm5V/AT9cjEcUD5uDaQSX0OE577aCXgoaKpYbQ=
github.com/gorilla/sessions v1.2.0/go.mod h1:dk2InVEVJ0sfLlnXv9EAgkf6ecYs/i80K/zI+bUmuGM=
github.com/jmoiron/sqlx v1.2.0 h1:41Ip0zITnmWNR/vHV+S4m+VoUivnWY5E4OJfLZjCJMA=
github.com/jmoiron/sqlx v1.2.0/go.mod h1:1FEQNm3xlJgrMD+FBdI9+xvCksHtbpVBBw5dYhBSsks=
github.com/johnniedoe/contrib v0.0.0-20150821124612-d553224621be h1:gBSTI30b5+nKnuHKvP7wKLP1IbVmVjMKF9Xo5o+OZdo=
github.com/johnniedoe/contrib v0.0.0-20150821124612-d553224621be/go.mod h1:kRuNxZ/R6JAtPF1ChKgQMp6x1SYOYna3Mo+jjQXQ74I=
github.com/json-iterator/go v1.1.6/go.mod h1:+SdeFBvtyEkXs7REEP0seUULqWtbJapLOCVDaaPEHmU=
github.com/json-iterator/go v1.1.7/go.mod h1:KdQUCv79m/52Kvf8AW2vK1V8akMuk1QjK/uOdHXbAo4=
github.com/kawatapw/api v0.0.0-20191203182008-b8b6593a1121 h1:XebKLcHnP6aogVkJ+ZKaZU4zSNqVetjo1BU+yz1thsY=
github.com/kawatapw/api v0.0.0-20191203182008-b8b6593a1121/go.mod h1:dU3fE0KOZtcI2T1ABNOio5N4KYv9n6HXjkdHH4OvytU=
github.com/klauspost/compress v1.9.3 h1:hkFELABwacUEgBfiguNeQydKv3M9pawBq8o24Ypw9+M=
github.com/klauspost/compress v1.9.3/go.mod h1:RyIbtBH6LamlWaDj8nUwkbUhJ87Yi3uG0guNDohfE1A=
github.com/leavengood/websocket v0.0.0-20170104145153-470559ebf58e/go.mod h1:JZYtScd6/pBBtSRVS5mVG0PVyY5ucSvSbypyR1iduRY=
github.com/leodido/go-urn v1.1.0/go.mod h1:+cyI34gQWZcE1eQU7NVgKkkzdXDQHr1dBMtdAPozLkw=
github.com/leodido/go-urn v1.2.0 h1:hpXL4XnriNwQ/ABnpepYM/1vCLWNDfUNts8dX3xTG6Y=
github.com/leodido/go-urn v1.2.0/go.mod h1:+8+nEpDfqqsY+g338gtMEUOtuK+4dEMhiQEgxpxOKII=
github.com/lib/pq v1.0.0/go.mod h1:5WUZQaWbwv1U+lTReE5YruASi9Al49XbQIvNi/34Woo=
github.com/mattn/go-isatty v0.0.7/go.mod h1:Iq45c/XA43vh69/j3iqttzPXn0bhXyGjM0Hdxcsrc5s=
github.com/mattn/go-isatty v0.0.9 h1:d5US/mDsogSGW37IV293h//ZFaeajb69h+EHFsv2xGg=
github.com/mattn/go-isatty v0.0.9/go.mod h1:YNRxwqDuOph6SZLI9vUUz6OYw3QyUt7WiY2yME+cCiQ=
github.com/mattn/go-sqlite3 v1.9.0/go.mod h1:FPy6KqzDD04eiIsT53CuJW3U88zkxoIYsOqkbpncsNc=
github.com/microcosm-cc/bluemonday v1.0.2 h1:5lPfLTTAvAbtS0VqT+94yOtFnGfUWYyx0+iToC3Os3s=
github.com/microcosm-cc/bluemonday v1.0.2/go.mod h1:iVP4YcDBq+n/5fb23BhYFvIMq/leAFZyRl6bYmGDlGc=
github.com/modern-go/concurrent v0.0.0-20180228061459-e0a39a4cb421/go.mod h1:6dJC0mAP4ikYIbvyc7fijjWJddQyLn8Ig3JB5CqoB9Q=
github.com/modern-go/concurrent v0.0.0-20180306012644-bacd9c7ef1dd/go.mod h1:6dJC0mAP4ikYIbvyc7fijjWJddQyLn8Ig3JB5CqoB9Q=
github.com/modern-go/reflect2 v0.0.0-20180701023420-4b7aa43c6742/go.mod h1:bx2lNnkwVCuqBIxFjflWJWanXIb3RllmbCylyMrvgv0=
github.com/nfnt/resize v0.0.0-20180221191011-83c6a9932646 h1:zYyBkD/k9seD2A7fsi6Oo2LfFZAehjjQMERAvZLEDnQ=
github.com/nfnt/resize v0.0.0-20180221191011-83c6a9932646/go.mod h1:jpp1/29i3P1S/RLdc7JQKbRpFeM1dOBd8T9ki5s+AY8=
github.com/osuripple/cheesegull v2.1.0+incompatible h1:a2Cw6deOCqgQEdPHpdOp8H2LGh5pu+USmcAxXGL+Tbw=
github.com/osuripple/cheesegull v2.1.0+incompatible/go.mod h1:qPMgVmeGHvtWYlC9Ryh3Tls0Pslqn3JrLGGyLohHXIU=
github.com/pariz/gountries v0.0.0-20171019111738-adb00f6513a3 h1:lmQNznFSupyfCDE9d7wdKOU8UiVwWEoYwv8wo6rSgy0=
github.com/pariz/gountries v0.0.0-20171019111738-adb00f6513a3/go.mod h1:U0ETmPPEsfd7CpUKNMYi68xIOL8Ww4jPZlaqNngcwqs=
github.com/pkg/errors v0.8.1 h1:iURUrRGxPUNPdy5/HRSm+Yj6okJ6UtLINN0Q9M4+h3I=
github.com/pkg/errors v0.8.1/go.mod h1:bwawxfHBFNV+L2hUp1rHADufV3IMtnDRdf1r5NINEl0=
github.com/pmezard/go-difflib v1.0.0/go.mod h1:iKH77koFhYxTK1pcRnkKkqfTogsbg7gZNVY4sRDYZ/4=
github.com/rcrowley/goagain v0.0.0-20140424170347-f2f192b5d1a9 h1:6AeJ2VG7ijbPJPTW2Mq+hCKQsVJBZGzwGJiIm45eHN8=
github.com/rcrowley/goagain v0.0.0-20140424170347-f2f192b5d1a9/go.mod h1:qqlCbG/0ChzjCGcnvB0Q8x3MyrWPqMCVpej81a2QH5k=
github.com/rjeczalik/notify v0.9.2 h1:MiTWrPj55mNDHEiIX5YUSKefw/+lCQVoAFmD6oQm5w8=
github.com/rjeczalik/notify v0.9.2/go.mod h1:aErll2f0sUX9PXZnVNyeiObbmTlk5jnMoCa4QEjJeqM=
github.com/russross/blackfriday v2.0.0+incompatible h1:cBXrhZNUf9C+La9/YpS+UHpUT8YD6Td9ZMSU9APFcsk=
github.com/russross/blackfriday v2.0.0+incompatible/go.mod h1:JO/DiYxRf+HjHt06OyowR9PTA263kcR/rfWxYHBV53g=
github.com/shurcooL/sanitized_anchor_name v1.0.0 h1:PdmoCO6wvbs+7yrJyMORt4/BmY5IYyJwS/kOiWx8mHo=
github.com/shurcooL/sanitized_anchor_name v1.0.0/go.mod h1:1NzhyTcUVG4SuEtjjoZeVRXNmyL/1OwPU0+IJeTBvfc=
github.com/stretchr/objx v0.1.0/go.mod h1:HFkY916IF+rwdDfMAkV7OtwuqBVzrE8GR6GFx+wExME=
github.com/stretchr/testify v1.3.0/go.mod h1:M5WIy9Dh21IEIfnGCwXGc5bZfKNJtfHm1UVUgZn+9EI=
github.com/stretchr/testify v1.4.0/go.mod h1:j7eGeouHqKxXV5pUuKE4zz7dFj8WfuZ+81PSLYec5m4=
github.com/thehowl/cieca v0.0.0-20161122163418-3d95e04c9b12 h1:qRwhooiSbYeP3Bb951Ji6PvT5/94Xdbe7B6+IYLj5So=
github.com/thehowl/cieca v0.0.0-20161122163418-3d95e04c9b12/go.mod h1:2qam/xpz4Lmc6x04TCwU2bYsqafqLm7UvpQDtRiUgR4=
github.com/thehowl/conf v0.1.1-0.20161010150023-bdfc17531a74 h1:vfl7zJdxxtCqRqPcBsNaM3FCDFd5rOBk7CmdRyBM8wY=
github.com/thehowl/conf v0.1.1-0.20161010150023-bdfc17531a74/go.mod h1:o9YvtFg3Ixu+XsNHEJNYfa+3mLUimgtSruvzx9IHKj8=
github.com/thehowl/go-osuapi v0.0.0-20171004075559-b918f5da7258/go.mod h1:Y+d6hzF4BM2sz5ytQmJLSImHq9dP9JS3dM4xwarFoUQ=
github.com/thehowl/qsql v0.0.0-20160712153739-9b9405451f47 h1:fYAuYMYGgadEmWVW22ilu/iFGk+H+ucxAAnUBSCB0K8=
github.com/thehowl/qsql v0.0.0-20160712153739-9b9405451f47/go.mod h1:j1Pqw5lWq7ZSW6bnjo9iijDBSDzlznJdTzYL/5Koeqs=
github.com/ugorji/go v1.1.6/go.mod h1:RaaajvHwnCbhlqWLTIB78hyPWp24YUXhQ3YXM7Hg7os=
github.com/ugorji/go v1.1.7 h1:/68gy2h+1mWMrwZFeD1kQialdSzAb432dtpeJ42ovdo=
github.com/ugorji/go v1.1.7/go.mod h1:kZn38zHttfInRq0xu/PH0az30d+z6vm202qpg1oXVMw=
github.com/ugorji/go/codec v1.1.7 h1:2SvQaVZ1ouYrrKKwoSk2pzd4A9evlKJb9oTL+OaLUSs=
github.com/ugorji/go/codec v1.1.7/go.mod h1:Ax+UKWsSmolVDwsd+7N3ZtXu+yMGCf907BLYF3GoBXY=
github.com/valyala/bytebufferpool v1.0.0 h1:GqA5TC/0021Y/b9FG4Oi9Mr3q7XYx6KllzawFIhcdPw=
github.com/valyala/bytebufferpool v1.0.0/go.mod h1:6bBcMArwyJ5K/AmCkWv1jt77kVWyCJ6HpOuEn7z0Csc=
github.com/valyala/fasthttp v0.0.0-20171207120941-e5f51c11919d h1:pAXG0woN37FQD08beB53orVchWU97qUUdjKtSuMGqi4=
github.com/valyala/fasthttp v0.0.0-20171207120941-e5f51c11919d/go.mod h1:+g/po7GqyG5E+1CNgquiIxJnsXEi5vwFn5weFujbO78=
golang.org/x/crypto v0.0.0-20190308221718-c2843e01d9a2/go.mod h1:djNgcEr1/C05ACkg1iLfiJU5Ep61QUkGW8qpdssI0+w=
golang.org/x/crypto v0.0.0-20191202143827-86a70503ff7e h1:egKlR8l7Nu9vHGWbcUV8lqR4987UfUbBd7GbhqGzNYU=
golang.org/x/crypto v0.0.0-20191202143827-86a70503ff7e/go.mod h1:LzIPMQfyMNhhGPhUkYOs5KpL4U8rLKemX1yGLhDgUto=
golang.org/x/net v0.0.0-20181220203305-927f97764cc3/go.mod h1:mL1N/T3taQHkDXs73rZJwtUhF3w3ftmwwsq0BUmARs4=
golang.org/x/net v0.0.0-20190404232315-eb5bcb51f2a3/go.mod h1:t9HGtf8HONx5eT2rtn7q6eTqICYqUVnKs3thJo3Qplg=
golang.org/x/net v0.0.0-20190603091049-60506f45cf65/go.mod h1:HSz+uSET+XFnRR8LxR5pz3Of3rY3CfYBVs4xY44aLks=
golang.org/x/net v0.0.0-20191126235420-ef20fe5d7933 h1:e6HwijUxhDe+hPNjZQQn9bA5PW3vNmnN64U2ZW759Lk=
golang.org/x/net v0.0.0-20191126235420-ef20fe5d7933/go.mod h1:z5CRVTTTmAJ677TzLLGU+0bjPO0LkuOLi4/5GtJWs/s=
golang.org/x/sys v0.0.0-20180926160741-c2ed4eda69e7/go.mod h1:STP8DvDyc/dI5b8T5hshtkjS+E42TnysNCUPdjciGhY=
golang.org/x/sys v0.0.0-20190215142949-d0b11bdaac8a/go.mod h1:STP8DvDyc/dI5b8T5hshtkjS+E42TnysNCUPdjciGhY=
golang.org/x/sys v0.0.0-20190222072716-a9d3bda3a223/go.mod h1:STP8DvDyc/dI5b8T5hshtkjS+E42TnysNCUPdjciGhY=
golang.org/x/sys v0.0.0-20190412213103-97732733099d/go.mod h1:h1NjWce9XRLGQEsW7wpKNCjG9DtNlClVuFLEZdDNbEs=
golang.org/x/sys v0.0.0-20190813064441-fde4db37ae7a/go.mod h1:h1NjWce9XRLGQEsW7wpKNCjG9DtNlClVuFLEZdDNbEs=
golang.org/x/sys v0.0.0-20191128015809-6d18c012aee9 h1:ZBzSG/7F4eNKz2L3GE9o300RX0Az1Bw5HF7PDraD+qU=
golang.org/x/sys v0.0.0-20191128015809-6d18c012aee9/go.mod h1:h1NjWce9XRLGQEsW7wpKNCjG9DtNlClVuFLEZdDNbEs=
golang.org/x/text v0.3.0/go.mod h1:NqM8EUOU14njkJ3fqMW+pc6Ldnwhi/IjpwHt7yyuwOQ=
golang.org/x/text v0.3.2/go.mod h1:bEr9sfX3Q8Zfm5fL9x+3itogRgK3+ptLWKqgva+5dAk=
golang.org/x/tools v0.0.0-20180917221912-90fa682c2a6e/go.mod h1:n7NCudcB/nEzxVGmLbDWY5pfWTLqBcC2KZ6jyYvM4mQ=
google.golang.org/appengine v1.6.5/go.mod h1:8WjMMxjGQR8xUklV/ARdw2HLXBOI7O7uCIDZVag1xfc=
gopkg.in/check.v1 v0.0.0-20161208181325-20d25e280405/go.mod h1:Co6ibVJAznAaIkqp8huTwlJQCZ016jof/cbN4VW5Yz0=
gopkg.in/go-playground/assert.v1 v1.2.1/go.mod h1:9RXL0bg/zibRAgZUYszZSwO/z8Y/a8bDuhia5mkpMnE=
gopkg.in/go-playground/validator.v9 v9.28.0/go.mod h1:+c9/zcJMFNgbLvly1L1V+PpxWdVbfP1avr/N00E2vyQ=
gopkg.in/go-playground/validator.v9 v9.29.1 h1:SvGtYmN60a5CVKTOzMSyfzWDeZRxRuGvRQyEAKbw1xc=
gopkg.in/go-playground/validator.v9 v9.29.1/go.mod h1:+c9/zcJMFNgbLvly1L1V+PpxWdVbfP1avr/N00E2vyQ=
gopkg.in/mailgun/mailgun-go.v1 v1.1.1 h1:DqNHnwmJooTLNGI17o2AvYXC4P5MMTE3Bn1v3Mzx9RI=
gopkg.in/mailgun/mailgun-go.v1 v1.1.1/go.mod h1:R9gRMDLTKsDhoyk5cNcwSWMshsZjp/eUjEGfgu2ZOAk=
gopkg.in/redis.v5 v5.2.9 h1:MNZYOLPomQzZMfpN3ZtD1uyJ2IDonTTlxYiV/pEApiw=
gopkg.in/redis.v5 v5.2.9/go.mod h1:6gtv0/+A4iM08kdRfocWYB3bLX2tebpNtfKlFT6H4mY=
gopkg.in/thehowl/go-osuapi.v1 v1.0.0-20171004075559-b918f5da7258/go.mod h1:J5HQvzBoBqUS4L0fRGlyTwdj0AMib7hm7vZWnov3QHE=
gopkg.in/yaml.v2 v2.2.2/go.mod h1:hI93XBmqTisBFMUTm0b8Fm+jr3Dg1NNxqwp+5A1VGuI=
gopkg.in/yaml.v2 v2.2.7 h1:VUgggvou5XRW9mHwD/yXxIYSMtY0zoKQf/v226p2nyo=
gopkg.in/yaml.v2 v2.2.7/go.mod h1:hI93XBmqTisBFMUTm0b8Fm+jr3Dg1NNxqwp+5A1VGuI=
zxq.co/ripple/agplwarning v0.0.0-20180204130109-bd4406595c7e h1:jL9hVyEmpKHoOsebng/CbZafya5zOgTG0bFJsG8EFck=
zxq.co/ripple/agplwarning v0.0.0-20180204130109-bd4406595c7e/go.mod h1:sshTr/Z/WGWO+mj1Q/cCwFXwqa1FlWVGpYe1db98+G0=
zxq.co/ripple/cheesegull v2.1.0+incompatible h1:LuRmt5kZPgBG6U4UzSWHx6KOhVc6qA0LAH80Dc7E+ss=
zxq.co/ripple/cheesegull v2.1.0+incompatible/go.mod h1:DOmGZa2jD8lGsEoWpwsKBf4xfWYkM1pBeMf9NEJp5lc=
zxq.co/ripple/hanayo v1.6.4 h1:krWVYn0l2XyxMz1uTnke2XhIxo+/OM/aPW1UjyDbuIE=
zxq.co/ripple/hanayo v1.6.4/go.mod h1:96+xIVCrky98FGZrBjCQ7uqrUGtRKB8uLs4P24CkbhE=
zxq.co/ripple/ocl v0.0.0-20190423081600-ba6c1b2f7885/go.mod h1:YagunUAfVRcfr3+9WSusjzwj7qno8fDwan+my3WrGM0=
zxq.co/ripple/playstyle v0.0.0-20191022094601-e5f4f85b9168 h1:0ajrEFSJodkPjcatTlTf0fARD8o5x+tF0s/tQ6dqtCo=
zxq.co/ripple/playstyle v0.0.0-20191022094601-e5f4f85b9168/go.mod h1:ByMeVpw6pHJ7JLr8m/ANnb5uGD5qcO8qwkRdU9vCNrs=
zxq.co/ripple/semantic-icons-ugc v0.0.0-20190527150307-87f54f9a60d6/go.mod h1:S0iTdeNHcAoRTLk1CC56FzpKNJ3mPhf3BIlz8OJz6SI=
zxq.co/x/getrank v0.0.0-20170418183109-97d2823cf77d/go.mod h1:F0XQ0fRj05leq/m30CIKrV7VNJFZBfYlAm2KcgzA+Sw=
zxq.co/x/rs v0.0.0-20160912144010-8b39b068a155 h1:XZjLQlgEe9Bc1/rXkTVlKaK1nAgL1h1HBF0Gke+JefE=
zxq.co/x/rs v0.0.0-20160912144010-8b39b068a155/go.mod h1:Si0zxvRLzWMJkY68zpb+8dDDF5PlWKpqH1k52HKGH1I=
