# This file is autogenerated, do not edit; changes may be undone by the next 'dep ensure'.


[[projects]]
  digest = "1:501e71a59e33fb50fd380936b0bcf2428bf1a5b2c8ee2bc9692d0bcd2fa27100"
  name = "github.com/DataDog/datadog-go"
  packages = ["statsd"]
  pruneopts = "UT"
  revision = "fe52ec28ccebb49890429b2bf4fc27b18337dd26"
  version = "v3.3.0"

[[projects]]
  digest = "1:320e7ead93de9fd2b0e59b50fd92a4d50c1f8ab455d96bc2eb083267453a9709"
  name = "github.com/asaskevich/govalidator"
  packages = ["."]
  pruneopts = "UT"
  revision = "ccb8e960c48f04d6935e72476ae4a51028f9e22f"
  version = "v9"

[[projects]]
  digest = "1:db932d4696ed23e244a69a60d258a23816aceb012a95e4c3871c711d4fc120e7"
  name = "github.com/boj/redistore"
  packages = ["."]
  pruneopts = "UT"
  revision = "fc113767cd6b051980f260d6dbe84b2740c46ab0"
  version = "v1.2"

[[projects]]
  digest = "1:fed1f537c2f1269fe475a8556c393fe466641682d73ef8fd0491cd3aa1e47bad"
  name = "github.com/certifi/gocertifi"
  packages = ["."]
  pruneopts = "UT"
  revision = "deb3ae2ef2610fde3330947281941c562861188b"
  version = "2018.01.18"

[[projects]]
  digest = "1:6f9339c912bbdda81302633ad7e99a28dfa5a639c864061f1929510a9a64aa74"
  name = "github.com/dustin/go-humanize"
  packages = ["."]
  pruneopts = "UT"
  revision = "9f541cc9db5d55bce703bd99987c9d5cb8eea45e"
  version = "v1.0.0"

[[projects]]
  digest = "1:af43bdaaf86655a2343f113e9b293bbc16b12099eaeb223982bbe4d4c22ba14d"
  name = "github.com/fatih/structs"
  packages = ["."]
  pruneopts = "UT"
  revision = "4966fc68f5b7593aafa6cbbba2d65ec6e1416047"
  version = "v1.1.0"

[[projects]]
  branch = "master"
  digest = "1:28968e367b6849acbda57b5083bd0ae21b63b4446dbf6162ec4dfb1bd9c7b99a"
  name = "github.com/frustra/bbcode"
  packages = ["."]
  pruneopts = "UT"
  revision = "48be21ce690cf183d28c122317390a1f046a61cc"

[[projects]]
  digest = "1:0594af97b2f4cec6554086eeace6597e20a4b69466eb4ada25adf9f4300dddd2"
  name = "github.com/garyburd/redigo"
  packages = [
    "internal",
    "redis",
  ]
  pruneopts = "UT"
  revision = "a69d19351219b6dd56f274f96d85a7014a2ec34e"
  version = "v1.6.0"

[[projects]]
  digest = "1:d18f6f088d7d8365df47f49dfa24b6ff6701a941118ffda30c589d1bd954074b"
  name = "github.com/getsentry/raven-go"
  packages = ["."]
  pruneopts = "UT"
  revision = "f04e7487e9a6b9d9837d52743fb5f40576c56411"
  version = "v0.2.0"

[[projects]]
  digest = "1:3ee1d175a75b911a659fbd860060874c4f503e793c5870d13e5a0ede529a63cf"
  name = "github.com/gin-contrib/sse"
  packages = ["."]
  pruneopts = "UT"
  revision = "54d8467d122d380a14768b6b4e5cd7ca4755938f"
  version = "v0.1.0"

[[projects]]
  branch = "master"
  digest = "1:c4ac7c2bb758e938cc62a22a696718e91d831ae066c3d3875fa98b1dc2486c3a"
  name = "github.com/gin-gonic/contrib"
  packages = ["sessions"]
  pruneopts = "UT"
  revision = "35076c1b2beaf5f26634fe6468bce6707c3d880a"

[[projects]]
  digest = "1:249eec71412b5d3bb94374292ccbc81a1e8314cd2c6b2c830add3357e6c4b842"
  name = "github.com/gin-gonic/gin"
  packages = [
    ".",
    "binding",
    "internal/json",
    "render",
  ]
  pruneopts = "UT"
  revision = "15ced05c5316609bce5b43389f8e3f06102a8b18"
  version = "v1.5.0"

[[projects]]
  digest = "1:e1cbe9ce835f515ce57500b8db6b94f399650bea2ddfac59f9b05d98db77a96d"
  name = "github.com/go-playground/locales"
  packages = [
    ".",
    "currency",
  ]
  pruneopts = "UT"
  revision = "9f105231d3a5f6877a2bf8321dfa15ea6f844b1b"
  version = "v0.13.0"

[[projects]]
  digest = "1:0d18fff5db6983e912eb2ac15038ed3eabb8ec03c9bd9129b10cd0213f50ec6d"
  name = "github.com/go-playground/universal-translator"
  packages = ["."]
  pruneopts = "UT"
  revision = "f87b1403479a348651dbf5f07f5cc6e5fcf07008"
  version = "v0.17.0"

[[projects]]
  digest = "1:ec6f9bf5e274c833c911923c9193867f3f18788c461f76f05f62bb1510e0ae65"
  name = "github.com/go-sql-driver/mysql"
  packages = ["."]
  pruneopts = "UT"
  revision = "72cd26f257d44c1114970e19afddcd812016007e"
  version = "v1.4.1"

[[projects]]
  digest = "1:318f1c959a8a740366fce4b1e1eb2fd914036b4af58fbd0a003349b305f118ad"
  name = "github.com/golang/protobuf"
  packages = ["proto"]
  pruneopts = "UT"
  revision = "c823c79ea1570fb5ff454033735a8e68575d1d0f"
  version = "v1.3.0"

[[projects]]
  digest = "1:c79fb010be38a59d657c48c6ba1d003a8aa651fa56b579d959d74573b7dff8e1"
  name = "github.com/gorilla/context"
  packages = ["."]
  pruneopts = "UT"
  revision = "08b5f424b9271eedf6f9f0ce86cb9396ed337a42"
  version = "v1.1.1"

[[projects]]
  digest = "1:e72d1ebb8d395cf9f346fd9cbc652e5ae222dd85e0ac842dc57f175abed6d195"
  name = "github.com/gorilla/securecookie"
  packages = ["."]
  pruneopts = "UT"
  revision = "e59506cc896acb7f7bf732d4fdf5e25f7ccd8983"
  version = "v1.1.1"

[[projects]]
  digest = "1:172c862eabc72e90f461bcef223c49869628bec6d989386dfb03281ae3222148"
  name = "github.com/gorilla/sessions"
  packages = ["."]
  pruneopts = "UT"
  revision = "4355a998706e83fe1d71c31b07af94e34f68d74a"
  version = "v1.2.0"

[[projects]]
  digest = "1:6c41d4f998a03b6604227ccad36edaed6126c397e5d78709ef4814a1145a6757"
  name = "github.com/jmoiron/sqlx"
  packages = [
    ".",
    "reflectx",
  ]
  pruneopts = "UT"
  revision = "d161d7a76b5661016ad0b085869f77fd410f3e6a"
  version = "v1.2.0"

[[projects]]
  branch = "master"
  digest = "1:9cee3fec4962c06f3a795af0f22e64959fd7eaea3bb64fff2745c7a665910a61"
  name = "github.com/johnniedoe/contrib"
  packages = ["gzip"]
  pruneopts = "UT"
  revision = "d553224621be1688390e46650d317035e4991505"

[[projects]]
  digest = "1:f5a2051c55d05548d2d4fd23d244027b59fbd943217df8aa3b5e170ac2fd6e1b"
  name = "github.com/json-iterator/go"
  packages = ["."]
  pruneopts = "UT"
  revision = "0ff49de124c6f76f8494e194af75bde0f1a49a29"
  version = "v1.1.6"

[[projects]]
  branch = "master"
  digest = "1:0138dd50aec54205efdfc132797d42ea9d7e62d2a9a837d30eda0a6f78475a97"
  name = "github.com/kawatapw/api"
  packages = ["common"]
  pruneopts = "UT"
  revision = "b8b6593a1121ffe648b1bded3f163af0f3798051"

[[projects]]
  branch = "master"
  digest = "1:3a0c8c44b73ba39132cd6702ab2e47ffa5994603a950b655c5467ab3f32c8c17"
  name = "github.com/kawatapw/playstyle"
  packages = ["."]
  pruneopts = "UT"
  revision = "fa857769401a508dcc2ce31696ce95dd36950822"

[[projects]]
  digest = "1:1a27a67993fd9ad63a5e04b49a9cacd32e4d3efdf44223749410c1e02bb53011"
  name = "github.com/klauspost/compress"
  packages = [
    "flate",
    "gzip",
    "zlib",
  ]
  pruneopts = "UT"
  revision = "438db640fd672278e44bb9bec0b979358e7e9c76"
  version = "v1.9.4"

[[projects]]
  digest = "1:803b281410ec195645c782ddb9cb029d43c2855d4b7824ea31104985b507a458"
  name = "github.com/leodido/go-urn"
  packages = ["."]
  pruneopts = "UT"
  revision = "a0f5013415294bb94553821ace21a1a74c0298cc"
  version = "v1.2.0"

[[projects]]
  digest = "1:e150b5fafbd7607e2d638e4e5cf43aa4100124e5593385147b0a74e2733d8b0d"
  name = "github.com/mattn/go-isatty"
  packages = ["."]
  pruneopts = "UT"
  revision = "c2a7a6ca930a4cd0bc33a3f298eb71960732a3a7"
  version = "v0.0.7"

[[projects]]
  digest = "1:6ff1026b8d873d074ddec82ad60bb0eb537dc013f456ef26b63d30beba2f99e7"
  name = "github.com/microcosm-cc/bluemonday"
  packages = ["."]
  pruneopts = "UT"
  revision = "506f3da9b7c86d737e91f16b7431df8635871552"
  version = "v1.0.2"

[[projects]]
  digest = "1:33422d238f147d247752996a26574ac48dcf472976eda7f5134015f06bf16563"
  name = "github.com/modern-go/concurrent"
  packages = ["."]
  pruneopts = "UT"
  revision = "bacd9c7ef1dd9b15be4a9909b8ac7a4e313eec94"
  version = "1.0.3"

[[projects]]
  digest = "1:e32bdbdb7c377a07a9a46378290059822efdce5c8d96fe71940d87cb4f918855"
  name = "github.com/modern-go/reflect2"
  packages = ["."]
  pruneopts = "UT"
  revision = "4b7aa43c6742a2c18fdef89dd197aaae7dac7ccd"
  version = "1.0.1"

[[projects]]
  branch = "master"
  digest = "1:34534b73e925d20cc72cf202f8b482fdcbe3a1b113e19375f31aadabd0f0f97d"
  name = "github.com/nfnt/resize"
  packages = ["."]
  pruneopts = "UT"
  revision = "83c6a9932646f83e3267f353373d47347b6036b2"

[[projects]]
  digest = "1:05bb43fee87805da23bc29b0f3d0da9186ea46313c46568e509690ed960a5726"
  name = "github.com/osuripple/cheesegull"
  packages = ["models"]
  pruneopts = "UT"
  revision = "d5c2146a6c2964906d78cfcd91928df49c670e9e"
  version = "v2.1.0"

[[projects]]
  digest = "1:f3388209c9cdbec31af9e0da9cefc9566d00de1989eea73e74205181f88ff89c"
  name = "github.com/pariz/gountries"
  packages = ["."]
  pruneopts = "UT"
  revision = "adb00f6513a307f9f7a4ee57eca79a703b8a7272"
  version = "0.1.3"

[[projects]]
  digest = "1:cf31692c14422fa27c83a05292eb5cbe0fb2775972e8f1f8446a71549bd8980b"
  name = "github.com/pkg/errors"
  packages = ["."]
  pruneopts = "UT"
  revision = "ba968bfe8b2f7e042a574c888954fccecfa385b4"
  version = "v0.8.1"

[[projects]]
  branch = "master"
  digest = "1:7f8434843a1d2782a7e853efc6aa9499effc1b9a83ea51e76df53cc2ad51b5ef"
  name = "github.com/rcrowley/goagain"
  packages = ["."]
  pruneopts = "UT"
  revision = "f2f192b5d1a96e21dd4026ce67cda85e49659a48"

[[projects]]
  digest = "1:31d83d1b1c288073c91abadee3caec87de2a1fb5dbe589039264a802e67a26b8"
  name = "github.com/rjeczalik/notify"
  packages = ["."]
  pruneopts = "UT"
  revision = "69d839f37b13a8cb7a78366f7633a4071cb43be7"
  version = "v0.9.2"

[[projects]]
  digest = "1:2ee0f15eb0fb04f918db7c2dcf39745f40d69f798ef171610a730e8a56aaa4fd"
  name = "github.com/russross/blackfriday"
  packages = ["."]
  pruneopts = "UT"
  revision = "d3b5b032dc8e8927d31a5071b56e14c89f045135"
  version = "v2.0.1"

[[projects]]
  digest = "1:9421f6e9e28ef86933e824b5caff441366f2b69bb281085b9dca40e1f27a1602"
  name = "github.com/shurcooL/sanitized_anchor_name"
  packages = ["."]
  pruneopts = "UT"
  revision = "7bfe4c7ecddb3666a94b053b422cdd8f5aaa3615"
  version = "v1.0.0"

[[projects]]
  branch = "master"
  digest = "1:3e7ae25624a4d17a8e60e97e8980c6a868b94d93b3be588c92ae37a70dab977f"
  name = "github.com/thehowl/cieca"
  packages = ["."]
  pruneopts = "UT"
  revision = "3d95e04c9b124919b7a43086b663583eef84454a"

[[projects]]
  digest = "1:294fb6c1769d6a765ad0f1fb7c0023450aac6a334a485930660d0316fe0d8fd3"
  name = "github.com/thehowl/conf"
  packages = ["."]
  pruneopts = "UT"
  revision = "bdfc17531a7482dc9e141141b94d9fbae1d066a3"
  version = "0.1.1"

[[projects]]
  branch = "master"
  digest = "1:f68294d44cafb7f6a2c6c2f5aaa14a204760011fdf84bc58065942389a4451db"
  name = "github.com/thehowl/qsql"
  packages = ["."]
  pruneopts = "UT"
  revision = "9b9405451f4721e0b8fdc7320388272496f34077"

[[projects]]
  digest = "1:58582db700776596d743a53a27e3588dd41c2615f82082f55fb99f22e30bbb66"
  name = "github.com/ugorji/go"
  packages = ["codec"]
  pruneopts = "UT"
  revision = "82dbfaf494e3b01d2d481376f11f6a5c8cf9599f"
  version = "v1.1.6"

[[projects]]
  digest = "1:c468422f334a6b46a19448ad59aaffdfc0a36b08fdcc1c749a0b29b6453d7e59"
  name = "github.com/valyala/bytebufferpool"
  packages = ["."]
  pruneopts = "UT"
  revision = "e746df99fe4a3986f4d4f79e13c1e0117ce9c2f7"
  version = "v1.0.0"

[[projects]]
  digest = "1:15ad8a80098fcc7a194b9db6b26d74072a852e4faa957848c8118193d3c69230"
  name = "github.com/valyala/fasthttp"
  packages = [
    ".",
    "fasthttputil",
    "stackless",
  ]
  pruneopts = "UT"
  revision = "e5f51c11919d4f66400334047b897ef0a94c6f3c"
  version = "v20180529"

[[projects]]
  branch = "master"
  digest = "1:9d5b5d543996dd584da1db1e0de1926f3e4c3a8dba0fa2f8db70f3ebee2342e0"
  name = "golang.org/x/crypto"
  packages = [
    "bcrypt",
    "blowfish",
  ]
  pruneopts = "UT"
  revision = "86a70503ff7e82ffc18c7b0de83db35da4791e6a"

[[projects]]
  branch = "master"
  digest = "1:31e1c7b74883bc71a69e1f4e09554005727001e51419905d5ca6ff4ded339afc"
  name = "golang.org/x/net"
  packages = [
    "html",
    "html/atom",
  ]
  pruneopts = "UT"
  revision = "5ee1b9f4859acd2e99987ef94ec7a58427c53bef"

[[projects]]
  branch = "master"
  digest = "1:4da420ceda5f68e8d748aa2169d0ed44ffadb1bbd6537cf778a49563104189b8"
  name = "golang.org/x/sys"
  packages = ["unix"]
  pruneopts = "UT"
  revision = "ce4227a45e2eb77e5c847278dcc6a626742e2945"

[[projects]]
  digest = "1:c25289f43ac4a68d88b02245742347c94f1e108c534dda442188015ff80669b3"
  name = "google.golang.org/appengine"
  packages = ["cloudsql"]
  pruneopts = "UT"
  revision = "971852bfffca25b069c31162ae8f247a3dba083b"
  version = "v1.6.5"

[[projects]]
  digest = "1:7bb1ad654b21fb8f44c77c07840007d6796f70d42d1b470600f943a508ff8a72"
  name = "gopkg.in/go-playground/validator.v9"
  packages = ["."]
  pruneopts = "UT"
  revision = "46b4b1e301c24cac870ffcb4ba5c8a703d1ef475"
  version = "v9.28.0"

[[projects]]
  digest = "1:6ad77325212e02cc2c76bc974fcfb59a227018afddbd3bc78ea3cc53dadb2554"
  name = "gopkg.in/mailgun/mailgun-go.v1"
  packages = ["."]
  pruneopts = "UT"
  revision = "28c45085c063854b83107df6cf37ad8f88462105"
  version = "v1.1.1"

[[projects]]
  digest = "1:e5a1379b4f0cad2aabd75580598c3b8e19a027e8eed806e7b76b0ec949df4599"
  name = "gopkg.in/redis.v5"
  packages = [
    ".",
    "internal",
    "internal/consistenthash",
    "internal/hashtag",
    "internal/pool",
    "internal/proto",
  ]
  pruneopts = "UT"
  revision = "a16aeec10ff407b1e7be6dd35797ccf5426ef0f0"
  version = "v5.2.9"

[[projects]]
  digest = "1:b75b3deb2bce8bc079e16bb2aecfe01eb80098f5650f9e93e5643ca8b7b73737"
  name = "gopkg.in/yaml.v2"
  packages = ["."]
  pruneopts = "UT"
  revision = "1f64d6156d11335c3f22d9330b0ad14fc1e789ce"
  version = "v2.2.7"

[[projects]]
  branch = "master"
  digest = "1:73211ebca467c77e4ccabeb0e6c58dedf827811e049c98d35095d9792eb116ae"
  name = "zxq.co/ripple/agplwarning"
  packages = ["."]
  pruneopts = "UT"
  revision = "bd4406595c7e785e35fbfb2c6460a1f39822884e"

[[projects]]
  branch = "master"
  digest = "1:a8a733f0f05e45ba9ebacb74306fbe19c80fc9e6989da373fda092a2f34021ab"
  name = "zxq.co/x/rs"
  packages = ["."]
  pruneopts = "UT"
  revision = "8b39b068a1555d73f1d83bf3f8319b9b1436fe06"

[solve-meta]
  analyzer-name = "dep"
  analyzer-version = 1
  input-imports = [
    "github.com/asaskevich/govalidator",
    "github.com/dustin/go-humanize",
    "github.com/fatih/structs",
    "github.com/frustra/bbcode",
    "github.com/getsentry/raven-go",
    "github.com/gin-gonic/contrib/sessions",
    "github.com/gin-gonic/gin",
    "github.com/go-sql-driver/mysql",
    "github.com/jmoiron/sqlx",
    "github.com/johnniedoe/contrib/gzip",
    "github.com/kawatapw/api/common",
    "github.com/kawatapw/playstyle",
    "github.com/microcosm-cc/bluemonday",
    "github.com/nfnt/resize",
    "github.com/osuripple/cheesegull/models",
    "github.com/pariz/gountries",
    "github.com/rcrowley/goagain",
    "github.com/rjeczalik/notify",
    "github.com/russross/blackfriday",
    "github.com/thehowl/cieca",
    "github.com/thehowl/conf",
    "github.com/thehowl/qsql",
    "golang.org/x/crypto/bcrypt",
    "gopkg.in/mailgun/mailgun-go.v1",
    "gopkg.in/redis.v5",
    "gopkg.in/yaml.v2",
    "zxq.co/ripple/agplwarning",
    "zxq.co/x/rs",
  ]
  solver-name = "gps-cdcl"
  solver-version = 1
