# This file is autogenerated, do not edit; changes may be undone by the next 'dep ensure'.


[[projects]]
  name = "github.com/DataDog/datadog-go"
  packages = ["statsd"]
  revision = "0ddda6bee21174ef6c4873647cb0d6ec9cba996f"
  version = "1.1.0"

[[projects]]
  branch = "master"
  name = "github.com/RangelReale/osin"
  packages = ["."]
  revision = "92fc3c3539125bddc695a988974243479d82f8b4"

[[projects]]
  name = "github.com/ansel1/merry"
  packages = ["."]
  revision = "c8d518a00eb65f58411f49c1c84ee99c02b699f5"
  version = "v1.0.2"

[[projects]]
  name = "github.com/asaskevich/govalidator"
  packages = ["."]
  revision = "521b25f4b05fd26bec69d9dedeb8f9c9a83939a8"
  version = "v8"

[[projects]]
  name = "github.com/boj/redistore"
  packages = ["."]
  revision = "fc113767cd6b051980f260d6dbe84b2740c46ab0"
  version = "v1.2"

[[projects]]
  name = "github.com/boombuler/barcode"
  packages = [".","qr","utils"]
  revision = "3cfea5ab600ae37946be2b763b8ec2c1cf2d272d"
  version = "v1.0.0"

[[projects]]
  name = "github.com/certifi/gocertifi"
  packages = ["."]
  revision = "deb3ae2ef2610fde3330947281941c562861188b"
  version = "2018.01.18"

[[projects]]
  branch = "master"
  name = "github.com/dustin/go-humanize"
  packages = ["."]
  revision = "bb3d318650d48840a39aa21a027c6630e198e626"

[[projects]]
  name = "github.com/fatih/structs"
  packages = ["."]
  revision = "a720dfa8df582c51dee1b36feabb906bde1588bd"
  version = "v1.0"

[[projects]]
  branch = "master"
  name = "github.com/felipeweb/gopher-utils"
  packages = ["."]
  revision = "05a00fc86ef51b7b351fb05a0e13307c85dbe115"

[[projects]]
  branch = "master"
  name = "github.com/felipeweb/osin-mysql"
  packages = ["."]
  revision = "269603eb06cfa0a1e839d3c9c59ddab39cf6fb9e"

[[projects]]
  branch = "master"
  name = "github.com/frustra/bbcode"
  packages = ["."]
  revision = "e3d2906cb2697dd3b846aa433cc6bb03df33b086"

[[projects]]
  name = "github.com/garyburd/redigo"
  packages = ["internal","redis"]
  revision = "d1ed5c67e5794de818ea85e6b522fda02623a484"
  version = "v1.4.0"

[[projects]]
  branch = "master"
  name = "github.com/getsentry/raven-go"
  packages = ["."]
  revision = "563b81fc02b75d664e54da31f787c2cc2186780b"

[[projects]]
  branch = "master"
  name = "github.com/gin-contrib/sse"
  packages = ["."]
  revision = "22d885f9ecc78bf4ee5d72b937e4bbcdc58e8cae"

[[projects]]
  branch = "master"
  name = "github.com/gin-gonic/contrib"
  packages = ["sessions"]
  revision = "dccbb4a462e965297e21372a9ad3ea05e0df3e5f"

[[projects]]
  name = "github.com/gin-gonic/gin"
  packages = [".","binding","render"]
  revision = "d459835d2b077e44f7c9b453505ee29881d5d12d"
  version = "v1.2"

[[projects]]
  name = "github.com/go-sql-driver/mysql"
  packages = ["."]
  revision = "a0583e0143b1624142adab07e0e97fe106d99561"
  version = "v1.3"

[[projects]]
  branch = "master"
  name = "github.com/golang/protobuf"
  packages = ["proto"]
  revision = "c65a0412e71e8b9b3bfd22925720d23c0f054237"

[[projects]]
  name = "github.com/gorilla/context"
  packages = ["."]
  revision = "1ea25387ff6f684839d82767c1733ff4d4d15d0a"
  version = "v1.1"

[[projects]]
  name = "github.com/gorilla/securecookie"
  packages = ["."]
  revision = "667fe4e3466a040b780561fe9b51a83a3753eefc"
  version = "v1.1"

[[projects]]
  name = "github.com/gorilla/sessions"
  packages = ["."]
  revision = "ca9ada44574153444b00d3fd9c8559e4cc95f896"
  version = "v1.1"

[[projects]]
  branch = "master"
  name = "github.com/jmoiron/sqlx"
  packages = [".","reflectx"]
  revision = "05cef0741ade10ca668982355b3f3f0bcf0ff0a8"

[[projects]]
  branch = "master"
  name = "github.com/johnniedoe/contrib"
  packages = ["gzip"]
  revision = "d553224621be1688390e46650d317035e4991505"

[[projects]]
  name = "github.com/klauspost/compress"
  packages = ["flate","gzip","zlib"]
  revision = "6c8db69c4b49dd4df1fff66996cf556176d0b9bf"
  version = "v1.2.1"

[[projects]]
  name = "github.com/klauspost/cpuid"
  packages = ["."]
  revision = "ae7887de9fa5d2db4eaa8174a7eff2c1ac00f2da"
  version = "v1.1"

[[projects]]
  name = "github.com/klauspost/crc32"
  packages = ["."]
  revision = "cb6bfca970f6908083f26f39a79009d608efd5cd"
  version = "v1.1"

[[projects]]
  name = "github.com/mattn/go-isatty"
  packages = ["."]
  revision = "0360b2af4f38e8d38c7fce2a9f4e702702d73a39"
  version = "v0.0.3"

[[projects]]
  branch = "master"
  name = "github.com/microcosm-cc/bluemonday"
  packages = ["."]
  revision = "542fd4642604d0d0c26112396ce5b1a9d01eee0b"

[[projects]]
  branch = "master"
  name = "github.com/nfnt/resize"
  packages = ["."]
  revision = "891127d8d1b52734debe1b3c3d7e747502b6c366"

[[projects]]
  branch = "master"
  name = "github.com/osuripple/cheesegull"
  packages = ["models"]
  revision = "3f168dff833bcbedd9365cfedf51c6441baf1e84"

[[projects]]
  name = "github.com/pariz/gountries"
  packages = ["."]
  revision = "adb00f6513a307f9f7a4ee57eca79a703b8a7272"
  version = "0.1.3"

[[projects]]
  name = "github.com/pborman/uuid"
  packages = ["."]
  revision = "e790cca94e6cc75c7064b1332e63811d4aae1a53"
  version = "v1.1"

[[projects]]
  name = "github.com/pkg/errors"
  packages = ["."]
  revision = "645ef00459ed84a119197bfb8d8205042c6df63d"
  version = "v0.8.0"

[[projects]]
  name = "github.com/pquerna/otp"
  packages = [".","hotp","totp"]
  revision = "b7b89250c468c06871d3837bee02e2d5c155ae19"
  version = "v1.0.0"

[[projects]]
  branch = "master"
  name = "github.com/rcrowley/goagain"
  packages = ["."]
  revision = "f2f192b5d1a96e21dd4026ce67cda85e49659a48"

[[projects]]
  branch = "master"
  name = "github.com/rjeczalik/notify"
  packages = ["."]
  revision = "27b537f07230b3f917421af6dcf044038dbe57e2"

[[projects]]
  name = "github.com/russross/blackfriday"
  packages = ["."]
  revision = "cadec560ec52d93835bf2f15bd794700d3a2473b"
  version = "v2.0.0"

[[projects]]
  branch = "master"
  name = "github.com/shurcooL/sanitized_anchor_name"
  packages = ["."]
  revision = "86672fcb3f950f35f2e675df2240550f2a50762f"

[[projects]]
  branch = "master"
  name = "github.com/thehowl/cieca"
  packages = ["."]
  revision = "3d95e04c9b124919b7a43086b663583eef84454a"

[[projects]]
  name = "github.com/thehowl/conf"
  packages = ["."]
  revision = "bdfc17531a7482dc9e141141b94d9fbae1d066a3"
  version = "0.1.1"

[[projects]]
  branch = "master"
  name = "github.com/thehowl/qsql"
  packages = ["."]
  revision = "9b9405451f4721e0b8fdc7320388272496f34077"

[[projects]]
  name = "github.com/ugorji/go"
  packages = ["codec"]
  revision = "9831f2c3ac1068a78f50999a30db84270f647af6"
  version = "v1.1"

[[projects]]
  name = "github.com/valyala/fasthttp"
  packages = [".","fasthttputil"]
  revision = "d42167fd04f636e20b005e9934159e95454233c7"
  version = "v20160617"

[[projects]]
  branch = "master"
  name = "golang.org/x/crypto"
  packages = ["bcrypt","blowfish"]
  revision = "3d37316aaa6bd9929127ac9a527abf408178ea7b"

[[projects]]
  branch = "master"
  name = "golang.org/x/net"
  packages = ["context","context/ctxhttp","html","html/atom"]
  revision = "0ed95abb35c445290478a5348a7b38bb154135fd"

[[projects]]
  branch = "master"
  name = "golang.org/x/oauth2"
  packages = [".","internal"]
  revision = "b28fcf2b08a19742b43084fb40ab78ac6c3d8067"

[[projects]]
  branch = "master"
  name = "golang.org/x/sys"
  packages = ["unix"]
  revision = "af9a21289d0040306ecc55fa668c95246f1f8425"

[[projects]]
  name = "google.golang.org/appengine"
  packages = ["internal","internal/base","internal/datastore","internal/log","internal/remote_api","internal/urlfetch","urlfetch"]
  revision = "150dc57a1b433e64154302bdc40b6bb8aefa313a"
  version = "v1.0.0"

[[projects]]
  name = "gopkg.in/go-playground/validator.v8"
  packages = ["."]
  revision = "5f1438d3fca68893a817e4a66806cea46a9e4ebf"
  version = "v8.18.2"

[[projects]]
  name = "gopkg.in/mailgun/mailgun-go.v1"
  packages = ["."]
  revision = "a4002e2df2e8ca2da6a6fbb4a72871b504e49f50"
  version = "v1.1.0"

[[projects]]
  name = "gopkg.in/redis.v5"
  packages = [".","internal","internal/consistenthash","internal/hashtag","internal/pool","internal/proto"]
  revision = "a16aeec10ff407b1e7be6dd35797ccf5426ef0f0"
  version = "v5.2.9"

[[projects]]
  branch = "v2"
  name = "gopkg.in/yaml.v2"
  packages = ["."]
  revision = "d670f9405373e636a5a2765eea47fac0c9bc91a4"

[[projects]]
  branch = "master"
  name = "zxq.co/ripple/agplwarning"
  packages = ["."]
  revision = "d3a3d0ee424fcb0bd09a651354c1735285f59f8c"

[[projects]]
  branch = "master"
  name = "zxq.co/ripple/go-discord-oauth"
  packages = ["."]
  revision = "348e08feccb5ae7c1ea3b237769aeb757e393e0c"

[[projects]]
  branch = "master"
  name = "zxq.co/ripple/playstyle"
  packages = ["."]
  revision = "198984a13cb6fccba0cdf9c08b3c624548f840eb"

[[projects]]
  branch = "master"
  name = "zxq.co/ripple/rippleapi"
  packages = ["common"]
  revision = "77ba8aee7849a37feb1a8ec8bb86ee95fddeeb52"

[[projects]]
  branch = "master"
  name = "zxq.co/ripple/schiavolib"
  packages = ["."]
  revision = "9cdc674dad0700ec79618de4ab558db6ad1de372"

[[projects]]
  branch = "master"
  name = "zxq.co/x/rs"
  packages = ["."]
  revision = "8b39b068a1555d73f1d83bf3f8319b9b1436fe06"

[solve-meta]
  analyzer-name = "dep"
  analyzer-version = 1
  inputs-digest = "29d578563c9e60434e4a6bcf45adedfc296541960866919aa0029cb849a7111f"
  solver-name = "gps-cdcl"
  solver-version = 1
